<?xml version="1.0" encoding="utf-8"?>
<Project ToolsVersion="4.0" xmlns="http://schemas.microsoft.com/developer/msbuild/2003">
  <ItemGroup>
    <ClCompile Include="src\dllmain.cpp" />
    <ClCompile Include="src\utils\utils.cpp" />
    <ClCompile Include="src\hooks\hooks.cpp" />
    <ClCompile Include="src\hooks\backend\dx9\hook_directx9.cpp" />
    <ClCompile Include="src\hooks\backend\dx11\hook_directx11.cpp" />
    <ClCompile Include="src\hooks\backend\dx12\hook_directx12.cpp" />
    <ClCompile Include="src\hooks\backend\dx10\hook_directx10.cpp" />
    <ClCompile Include="src\hooks\backend\opengl\hook_opengl.cpp" />
    <ClCompile Include="src\menu\menu.cpp" />
    <ClCompile Include="src\hooks\backend\vulkan\hook_vulkan.cpp" />
    <ClCompile Include="src\console\console.cpp" />
  </ItemGroup>
  <ItemGroup>
    <ClInclude Include="src\hooks\hooks.hpp" />
    <ClInclude Include="src\utils\utils.hpp" />
    <ClInclude Include="src\hooks\backend\dx9\hook_directx9.hpp" />
    <ClInclude Include="src\hooks\backend\dx11\hook_directx11.hpp" />
    <ClInclude Include="src\hooks\backend\dx12\hook_directx12.hpp" />
    <ClInclude Include="src\hooks\backend\dx10\hook_directx10.hpp" />
    <ClInclude Include="src\hooks\backend\opengl\hook_opengl.hpp" />
    <ClInclude Include="src\backend.hpp" />
    <ClInclude Include="src\menu\menu.hpp" />
    <ClInclude Include="src\hooks\backend\vulkan\hook_vulkan.hpp" />
    <ClInclude Include="src\console\console.hpp" />
  </ItemGroup>
</Project>